namespace peoblemSolving

{
     class calc
    {

        public float GetNumber()
        {
            Console.WriteLine("\"Please enter the FIRST number: \"");
            
        readNumber:
            
            if (float.TryParse(Console.ReadLine(), out float x))
                return x;

            Console.WriteLine("invaled .. please enter numbers only TRY AGAIN ");
            goto readNumber;
        }

        public float GetNumber2()
        {
            Console.WriteLine("\"Please enter the SECOND number: \"");
            
        readNumber:
            ;
            if (float.TryParse(Console.ReadLine(),  out float y))
                return y;

            Console.WriteLine("invaled .. please enter numbers only TRY AGAIN ");
            goto readNumber;
        }
            public void operation()
            {
            start:
            float x = GetNumber();
        here:
                Console.WriteLine("please enter the operatation +,/,-.*,=");
                char c = Convert.ToChar(Console.ReadLine());
            switch (c)
                {
                    case '+':
                    float y = GetNumber2();
                    Console.WriteLine(x += y);

                        goto here;

                        break;
                case '-':
                     y = GetNumber2();
                    Console.WriteLine(x = x - y);
                    goto here;
                    break;
                case '/':
                    y = GetNumber2();
                    if (y == 0)
                    throw new DivideByZeroException();
                   
                    Console.WriteLine(x = x / y);
                    goto here;
                    break;
                case '*':
                     y = GetNumber2();
                    Console.WriteLine(x = x * y);
                    goto here;
                    break;

                case '=':

                    Console.WriteLine(x);
                    goto start;
                    break;

                case '0':
                    goto start;
                    break;

                default:
                    Console.WriteLine("error");
                    x = 0;

                    break;
            }   
        }

    }//class
    

    class program
    {
        static void Main(string[] args)
        {
            calc x = new calc();
            
            x.operation();

        }
                
    }
}
