
using System.Security.Cryptography.X509Certificates;
using System;
using System.Runtime.ConstrainedExecution;
using System.Diagnostics.CodeAnalysis;

namespace peoblemSolving

{



    class program
    {
        static void Main(string[] args)

        {
            static float GetNumber(string message = "Please enter a number:")
            {
            readNumber:
                Console.WriteLine(message);
                if (float.TryParse(Console.ReadLine(), out float x))
                    return x;

                Console.WriteLine("invaled .. please enter numbers only TRY AGAIN ");
                goto readNumber;
            }
        Start:

            var x = GetNumber("Please enter the first number: ");

        here:
            Console.WriteLine("please enter the operatation +,/,-.*,=");
            char c = Convert.ToChar(Console.ReadLine());
            if (c == '=') { Console.WriteLine("the final result is" + " "+x); }
            var y = GetNumber();

            switch (c)
            {
                case '+':

                    Console.WriteLine(x = x + y);

                    goto here;

                    break;
                case '-':
                    Console.WriteLine(x = x - y);
                    goto here;
                    break;
                case '/':
                    if (y == 0)
                        throw new DivideByZeroException();

                    Console.WriteLine(x = x / y);
                    goto here;
                    break;
                case '*':
                    Console.WriteLine(x = x * y);
                    goto here;
                    break;

                case '=':


                    break;
                default:
                    Console.WriteLine("error");
                    x = 0;

                    break;
            }


        }
    }
}
