
Microsoft Visual Studio Solution File, Format Version 12.00
# Visual Studio Version 17
VisualStudioVersion = 17.4.33205.214
MinimumVisualStudioVersion = 10.0.40219.1
Project("{FAE04EC0-301F-11D3-BF4B-00C04F79EFBC}") = "calc", "calc\calc.csproj", "{1E1F5700-4436-40EA-B01A-7D7BABF8B203}"
EndProject
Global
	GlobalSection(SolutionConfigurationPlatforms) = preSolution
		Debug|Any CPU = Debug|Any CPU
		Release|Any CPU = Release|Any CPU
	EndGlobalSection
	GlobalSection(ProjectConfigurationPlatforms) = postSolution
		{1E1F5700-4436-40EA-B01A-7D7BABF8B203}.Debug|Any CPU.ActiveCfg = Debug|Any CPU
		{1E1F5700-4436-40EA-B01A-7D7BABF8B203}.Debug|Any CPU.Build.0 = Debug|Any CPU
		{1E1F5700-4436-40EA-B01A-7D7BABF8B203}.Release|Any CPU.ActiveCfg = Release|Any CPU
		{1E1F5700-4436-40EA-B01A-7D7BABF8B203}.Release|Any CPU.Build.0 = Release|Any CPU
	EndGlobalSection
	GlobalSection(SolutionProperties) = preSolution
		HideSolutionNode = FALSE
	EndGlobalSection
	GlobalSection(ExtensibilityGlobals) = postSolution
		SolutionGuid = {2FEB288F-E9D7-44DE-95EF-CACB320DFD62}
	EndGlobalSection
EndGlobal
